
Microsoft Visual Studio Solution File, Format Version 12.00
# Visual Studio Version 17
VisualStudioVersion = 17.5.33627.172
MinimumVisualStudioVersion = 10.0.40219.1
Project("{FAE04EC0-301F-11D3-BF4B-00C04F79EFBC}") = "ProgForAdmin", "ProgForAdmin\ProgForAdmin.csproj", "{FAB6B27D-56D9-4F50-BAFE-2A6628589890}"
EndProject
Global
	GlobalSection(SolutionConfigurationPlatforms) = preSolution
		Debug|Any CPU = Debug|Any CPU
		Release|Any CPU = Release|Any CPU
	EndGlobalSection
	GlobalSection(ProjectConfigurationPlatforms) = postSolution
		{FAB6B27D-56D9-4F50-BAFE-2A6628589890}.Debug|Any CPU.ActiveCfg = Debug|Any CPU
		{FAB6B27D-56D9-4F50-BAFE-2A6628589890}.Debug|Any CPU.Build.0 = Debug|Any CPU
		{FAB6B27D-56D9-4F50-BAFE-2A6628589890}.Release|Any CPU.ActiveCfg = Release|Any CPU
		{FAB6B27D-56D9-4F50-BAFE-2A6628589890}.Release|Any CPU.Build.0 = Release|Any CPU
	EndGlobalSection
	GlobalSection(SolutionProperties) = preSolution
		HideSolutionNode = FALSE
	EndGlobalSection
	GlobalSection(ExtensibilityGlobals) = postSolution
		SolutionGuid = {6DA22D9E-9428-43F3-810A-A5785691D00B}
	EndGlobalSection
EndGlobal
